
Microsoft Visual Studio Solution File, Format Version 12.00
# Visual Studio Version 16
VisualStudioVersion = 16.0.31410.357
MinimumVisualStudioVersion = 10.0.40219.1
Project("{FAE04EC0-301F-11D3-BF4B-00C04F79EFBC}") = "BlogSiteAPI", "BlogSiteAPI.csproj", "{1874C5BF-FD5F-4BEE-831F-87A14F306E18}"
EndProject
Global
	GlobalSection(SolutionConfigurationPlatforms) = preSolution
		Debug|Any CPU = Debug|Any CPU
		Release|Any CPU = Release|Any CPU
	EndGlobalSection
	GlobalSection(ProjectConfigurationPlatforms) = postSolution
		{1874C5BF-FD5F-4BEE-831F-87A14F306E18}.Debug|Any CPU.ActiveCfg = Debug|Any CPU
		{1874C5BF-FD5F-4BEE-831F-87A14F306E18}.Debug|Any CPU.Build.0 = Debug|Any CPU
		{1874C5BF-FD5F-4BEE-831F-87A14F306E18}.Release|Any CPU.ActiveCfg = Release|Any CPU
		{1874C5BF-FD5F-4BEE-831F-87A14F306E18}.Release|Any CPU.Build.0 = Release|Any CPU
	EndGlobalSection
	GlobalSection(SolutionProperties) = preSolution
		HideSolutionNode = FALSE
	EndGlobalSection
	GlobalSection(ExtensibilityGlobals) = postSolution
		SolutionGuid = {DBFF05A0-A89B-45F4-AC35-C820125972E2}
	EndGlobalSection
EndGlobal
